
Microsoft Visual Studio Solution File, Format Version 12.00
# Visual Studio Version 17
VisualStudioVersion = 17.4.33213.308
MinimumVisualStudioVersion = 10.0.40219.1
Project("{FAE04EC0-301F-11D3-BF4B-00C04F79EFBC}") = "TemplateWEB", "TemplateWEB\TemplateWEB.csproj", "{A9663BC4-467C-4B4D-B2E3-D1A645F44298}"
EndProject
Global
	GlobalSection(SolutionConfigurationPlatforms) = preSolution
		Debug|Any CPU = Debug|Any CPU
		Release|Any CPU = Release|Any CPU
	EndGlobalSection
	GlobalSection(ProjectConfigurationPlatforms) = postSolution
		{A9663BC4-467C-4B4D-B2E3-D1A645F44298}.Debug|Any CPU.ActiveCfg = Debug|Any CPU
		{A9663BC4-467C-4B4D-B2E3-D1A645F44298}.Debug|Any CPU.Build.0 = Debug|Any CPU
		{A9663BC4-467C-4B4D-B2E3-D1A645F44298}.Release|Any CPU.ActiveCfg = Release|Any CPU
		{A9663BC4-467C-4B4D-B2E3-D1A645F44298}.Release|Any CPU.Build.0 = Release|Any CPU
	EndGlobalSection
	GlobalSection(SolutionProperties) = preSolution
		HideSolutionNode = FALSE
	EndGlobalSection
	GlobalSection(ExtensibilityGlobals) = postSolution
		SolutionGuid = {1B4C5927-B9D7-46B8-AB50-B6A8FE69E4A0}
	EndGlobalSection
EndGlobal
